
Microsoft Visual Studio Solution File, Format Version 12.00
# Visual Studio 15
VisualStudioVersion = 15.0.28307.136
MinimumVisualStudioVersion = 10.0.40219.1
Project("{FAE04EC0-301F-11D3-BF4B-00C04F79EFBC}") = "ReviewExample", "ReviewExample\ReviewExample.csproj", "{716B27B9-96DD-4DB0-BA61-756D05BF0F56}"
EndProject
Global
	GlobalSection(SolutionConfigurationPlatforms) = preSolution
		Debug|Any CPU = Debug|Any CPU
		Release|Any CPU = Release|Any CPU
	EndGlobalSection
	GlobalSection(ProjectConfigurationPlatforms) = postSolution
		{716B27B9-96DD-4DB0-BA61-756D05BF0F56}.Debug|Any CPU.ActiveCfg = Debug|Any CPU
		{716B27B9-96DD-4DB0-BA61-756D05BF0F56}.Debug|Any CPU.Build.0 = Debug|Any CPU
		{716B27B9-96DD-4DB0-BA61-756D05BF0F56}.Release|Any CPU.ActiveCfg = Release|Any CPU
		{716B27B9-96DD-4DB0-BA61-756D05BF0F56}.Release|Any CPU.Build.0 = Release|Any CPU
	EndGlobalSection
	GlobalSection(SolutionProperties) = preSolution
		HideSolutionNode = FALSE
	EndGlobalSection
	GlobalSection(ExtensibilityGlobals) = postSolution
		SolutionGuid = {B3744738-DF9F-4B24-83BB-5A03D7D20260}
	EndGlobalSection
EndGlobal
